// !$*UTF8*$!
{
	archiveVersion = 1;
	classes = {
	};
	objectVersion = 56;
	objects = {

/* Begin PBXBuildFile section */
		99A0951329B5B51700C0286D /* OrderingScreen.swift in Sources */ = {isa = PBXBuildFile; fileRef = 99A0951229B5B51700C0286D /* OrderingScreen.swift */; };
		99A0951C29B62D9F00C0286D /* CustomCalendarCell.swift in Sources */ = {isa = PBXBuildFile; fileRef = 99A0951B29B62D9F00C0286D /* CustomCalendarCell.swift */; };
		99A0951E29B6305B00C0286D /* OrderStateView.swift in Sources */ = {isa = PBXBuildFile; fileRef = 99A0951D29B6305B00C0286D /* OrderStateView.swift */; };
		99A0952029B70B1800C0286D /* SignInScreen.swift in Sources */ = {isa = PBXBuildFile; fileRef = 99A0951F29B70B1800C0286D /* SignInScreen.swift */; };
		99A0952229B70B2300C0286D /* SignUpScreen.swift in Sources */ = {isa = PBXBuildFile; fileRef = 99A0952129B70B2300C0286D /* SignUpScreen.swift */; };
		99A0952429B70B7400C0286D /* ContactsScreen.swift in Sources */ = {isa = PBXBuildFile; fileRef = 99A0952329B70B7400C0286D /* ContactsScreen.swift */; };
		99A0952629B70B8C00C0286D /* LocationScreen.swift in Sources */ = {isa = PBXBuildFile; fileRef = 99A0952529B70B8C00C0286D /* LocationScreen.swift */; };
		99A0954329BA67C900C0286D /* StartLoadingScreen.swift in Sources */ = {isa = PBXBuildFile; fileRef = 99A0954229BA67C900C0286D /* StartLoadingScreen.swift */; };
		99A0954A29BAFCB600C0286D /* SupplierMainScreen.swift in Sources */ = {isa = PBXBuildFile; fileRef = 99A0954929BAFCB600C0286D /* SupplierMainScreen.swift */; };
		99A0954C29BAFF0100C0286D /* SupplierProductCard.swift in Sources */ = {isa = PBXBuildFile; fileRef = 99A0954B29BAFF0100C0286D /* SupplierProductCard.swift */; };
		99A0955029BB1A0100C0286D /* AddProductButton.swift in Sources */ = {isa = PBXBuildFile; fileRef = 99A0954F29BB1A0100C0286D /* AddProductButton.swift */; };
		99A0955529BB333500C0286D /* EditProductScreen.swift in Sources */ = {isa = PBXBuildFile; fileRef = 99A0955429BB333500C0286D /* EditProductScreen.swift */; };
		99A0955729BB4AD300C0286D /* SupplierClientsScreen.swift in Sources */ = {isa = PBXBuildFile; fileRef = 99A0955629BB4AD300C0286D /* SupplierClientsScreen.swift */; };
		99A0956529BC950400C0286D /* ViewModifier.swift in Sources */ = {isa = PBXBuildFile; fileRef = 99A0956429BC950400C0286D /* ViewModifier.swift */; };
		99A0956729BC981800C0286D /* ImageModifier.swift in Sources */ = {isa = PBXBuildFile; fileRef = 99A0956629BC981800C0286D /* ImageModifier.swift */; };
		99A0956D29BCD1BB00C0286D /* AlertModel.swift in Sources */ = {isa = PBXBuildFile; fileRef = 99A0956C29BCD1BB00C0286D /* AlertModel.swift */; };
		99A0956F29BD0AFD00C0286D /* CustomerTabBarWrapper.swift in Sources */ = {isa = PBXBuildFile; fileRef = 99A0956E29BD0AFD00C0286D /* CustomerTabBarWrapper.swift */; };
		99A0957F29BFA39100C0286D /* SupplierTabBarWrapper.swift in Sources */ = {isa = PBXBuildFile; fileRef = 99A0957E29BFA39100C0286D /* SupplierTabBarWrapper.swift */; };
		99A561E129A0FCFD00F9932A /* DiplomaApp.swift in Sources */ = {isa = PBXBuildFile; fileRef = 99A561E029A0FCFD00F9932A /* DiplomaApp.swift */; };
		99A561E329A0FCFD00F9932A /* ContentView.swift in Sources */ = {isa = PBXBuildFile; fileRef = 99A561E229A0FCFD00F9932A /* ContentView.swift */; };
		99A561E529A0FCFE00F9932A /* Assets.xcassets in Resources */ = {isa = PBXBuildFile; fileRef = 99A561E429A0FCFE00F9932A /* Assets.xcassets */; };
		99A561E829A0FCFE00F9932A /* Preview Assets.xcassets in Resources */ = {isa = PBXBuildFile; fileRef = 99A561E729A0FCFE00F9932A /* Preview Assets.xcassets */; };
		99AA125D29C821E5002219E0 /* DateRangeSegmentsView.swift in Sources */ = {isa = PBXBuildFile; fileRef = 99AA125C29C821E5002219E0 /* DateRangeSegmentsView.swift */; };
		99AA126029C82273002219E0 /* DateRangeSegment.swift in Sources */ = {isa = PBXBuildFile; fileRef = 99AA125F29C82273002219E0 /* DateRangeSegment.swift */; };
		99AA126229C82BB4002219E0 /* DateExtensions.swift in Sources */ = {isa = PBXBuildFile; fileRef = 99AA126129C82BB4002219E0 /* DateExtensions.swift */; };
		99AA126429C82BEB002219E0 /* CalendarView.swift in Sources */ = {isa = PBXBuildFile; fileRef = 99AA126329C82BEB002219E0 /* CalendarView.swift */; };
		99AA128329CCAE73002219E0 /* FileManager.swift in Sources */ = {isa = PBXBuildFile; fileRef = 99AA128229CCAE73002219E0 /* FileManager.swift */; };
		99AA128629CCB0B2002219E0 /* Debugger.swift in Sources */ = {isa = PBXBuildFile; fileRef = 99AA128529CCB0B2002219E0 /* Debugger.swift */; };
		99AA128829CCB411002219E0 /* ActivityViewController.swift in Sources */ = {isa = PBXBuildFile; fileRef = 99AA128729CCB411002219E0 /* ActivityViewController.swift */; };
		99AA128A29CD8419002219E0 /* DateFormatManager.swift in Sources */ = {isa = PBXBuildFile; fileRef = 99AA128929CD8419002219E0 /* DateFormatManager.swift */; };
		99AA128C29CD935A002219E0 /* EncodableExtension.swift in Sources */ = {isa = PBXBuildFile; fileRef = 99AA128B29CD935A002219E0 /* EncodableExtension.swift */; };
		99AA128E29CD943D002219E0 /* StatisticModel.swift in Sources */ = {isa = PBXBuildFile; fileRef = 99AA128D29CD943D002219E0 /* StatisticModel.swift */; };
		99AA129129CDE6B7002219E0 /* LoadingScreenViewModel.swift in Sources */ = {isa = PBXBuildFile; fileRef = 99AA129029CDE6B7002219E0 /* LoadingScreenViewModel.swift */; };
		99AA129829D229C7002219E0 /* UserRole.swift in Sources */ = {isa = PBXBuildFile; fileRef = 99AA129729D229C7002219E0 /* UserRole.swift */; };
		99AA129A29D22BC7002219E0 /* AuthorizationWrapper.swift in Sources */ = {isa = PBXBuildFile; fileRef = 99AA129929D22BC7002219E0 /* AuthorizationWrapper.swift */; };
		99AA12A129D5713F002219E0 /* SignUpViewModel.swift in Sources */ = {isa = PBXBuildFile; fileRef = 99AA12A029D5713F002219E0 /* SignUpViewModel.swift */; };
		99AA12A329D57391002219E0 /* TemplateInfo.plist in Resources */ = {isa = PBXBuildFile; fileRef = 99AA12A229D57391002219E0 /* TemplateInfo.plist */; };
		99D4541829AC7E7700462A8F /* CustomButton.swift in Sources */ = {isa = PBXBuildFile; fileRef = 99D4541729AC7E7700462A8F /* CustomButton.swift */; };
		99D4541B29AC7ECD00462A8F /* BottomNavigation.swift in Sources */ = {isa = PBXBuildFile; fileRef = 99D4541A29AC7ECD00462A8F /* BottomNavigation.swift */; };
		99D4541D29AC7EDD00462A8F /* Counter.swift in Sources */ = {isa = PBXBuildFile; fileRef = 99D4541C29AC7EDD00462A8F /* Counter.swift */; };
		99D4541F29AC7EEA00462A8F /* CustomCalendar.swift in Sources */ = {isa = PBXBuildFile; fileRef = 99D4541E29AC7EEA00462A8F /* CustomCalendar.swift */; };
		99D4542429AC800500462A8F /* ImageIconsExtension.swift in Sources */ = {isa = PBXBuildFile; fileRef = 99D4542329AC800500462A8F /* ImageIconsExtension.swift */; };
		99D4542629AC807800462A8F /* ColorExtension.swift in Sources */ = {isa = PBXBuildFile; fileRef = 99D4542529AC807800462A8F /* ColorExtension.swift */; };
		99D4542829AD242A00462A8F /* FontsExtension.swift in Sources */ = {isa = PBXBuildFile; fileRef = 99D4542729AD242A00462A8F /* FontsExtension.swift */; };
		99D4542A29AD266900462A8F /* Colors.xcassets in Resources */ = {isa = PBXBuildFile; fileRef = 99D4542929AD266900462A8F /* Colors.xcassets */; };
		99D4542C29AE022C00462A8F /* CustomSmallButton.swift in Sources */ = {isa = PBXBuildFile; fileRef = 99D4542B29AE022B00462A8F /* CustomSmallButton.swift */; };
		99D4542F29AE027400462A8F /* CustomButtonStyles.swift in Sources */ = {isa = PBXBuildFile; fileRef = 99D4542E29AE027400462A8F /* CustomButtonStyles.swift */; };
		99D4543129AE117200462A8F /* CustomTextField.swift in Sources */ = {isa = PBXBuildFile; fileRef = 99D4543029AE117200462A8F /* CustomTextField.swift */; };
		99D4543429AE4E5100462A8F /* Icons.xcassets in Resources */ = {isa = PBXBuildFile; fileRef = 99D4543329AE4E5100462A8F /* Icons.xcassets */; };
		99D4543B29AE6FF500462A8F /* BottomNavigationTab.swift in Sources */ = {isa = PBXBuildFile; fileRef = 99D4543A29AE6FF500462A8F /* BottomNavigationTab.swift */; };
		99D4543D29AE883300462A8F /* CornersViewExtension.swift in Sources */ = {isa = PBXBuildFile; fileRef = 99D4543C29AE883300462A8F /* CornersViewExtension.swift */; };
		99D4543F29AE88E000462A8F /* CustomTag.swift in Sources */ = {isa = PBXBuildFile; fileRef = 99D4543E29AE88E000462A8F /* CustomTag.swift */; };
		99D4544129AE8CA700462A8F /* CustomAlert.swift in Sources */ = {isa = PBXBuildFile; fileRef = 99D4544029AE8CA700462A8F /* CustomAlert.swift */; };
		99D4544329AE923F00462A8F /* ShadowViewExtension.swift in Sources */ = {isa = PBXBuildFile; fileRef = 99D4544229AE923F00462A8F /* ShadowViewExtension.swift */; };
		99D4544629AFC84E00462A8F /* PieChart.swift in Sources */ = {isa = PBXBuildFile; fileRef = 99D4544529AFC84E00462A8F /* PieChart.swift */; };
		99D4544829AFC87A00462A8F /* BarChart.swift in Sources */ = {isa = PBXBuildFile; fileRef = 99D4544729AFC87A00462A8F /* BarChart.swift */; };
		99D4546D29B3592500462A8F /* DynamicProductCard.swift in Sources */ = {isa = PBXBuildFile; fileRef = 99D4546C29B3592500462A8F /* DynamicProductCard.swift */; };
		99D4546F29B35ABF00462A8F /* StaticProductCard.swift in Sources */ = {isa = PBXBuildFile; fileRef = 99D4546E29B35ABF00462A8F /* StaticProductCard.swift */; };
		99D4547129B35CBB00462A8F /* PlaceCard.swift in Sources */ = {isa = PBXBuildFile; fileRef = 99D4547029B35CBB00462A8F /* PlaceCard.swift */; };
		99D4547929B3644E00462A8F /* NavigationTabs.swift in Sources */ = {isa = PBXBuildFile; fileRef = 99D4547829B3644E00462A8F /* NavigationTabs.swift */; };
		99D4548329B36DFA00462A8F /* MainScreen.swift in Sources */ = {isa = PBXBuildFile; fileRef = 99D4548229B36DFA00462A8F /* MainScreen.swift */; };
		99D4548529B36E0A00462A8F /* OrdersListScreen.swift in Sources */ = {isa = PBXBuildFile; fileRef = 99D4548429B36E0A00462A8F /* OrdersListScreen.swift */; };
		99D4548729B39C4C00462A8F /* ProfileScreen.swift in Sources */ = {isa = PBXBuildFile; fileRef = 99D4548629B39C4C00462A8F /* ProfileScreen.swift */; };
		99D4548929B39C5F00462A8F /* StatisticsScreen.swift in Sources */ = {isa = PBXBuildFile; fileRef = 99D4548829B39C5F00462A8F /* StatisticsScreen.swift */; };
		99D4548B29B39C7500462A8F /* SuppliersListScreen.swift in Sources */ = {isa = PBXBuildFile; fileRef = 99D4548A29B39C7500462A8F /* SuppliersListScreen.swift */; };
		99D4548D29B3C68000462A8F /* SupplierScreen.swift in Sources */ = {isa = PBXBuildFile; fileRef = 99D4548C29B3C68000462A8F /* SupplierScreen.swift */; };
		99D4548F29B3C9F200462A8F /* Header.swift in Sources */ = {isa = PBXBuildFile; fileRef = 99D4548E29B3C9F200462A8F /* Header.swift */; };
		99D4549129B3CB8800462A8F /* ProductScreen.swift in Sources */ = {isa = PBXBuildFile; fileRef = 99D4549029B3CB8800462A8F /* ProductScreen.swift */; };
		99D4549329B3CC8600462A8F /* OrderScreen.swift in Sources */ = {isa = PBXBuildFile; fileRef = 99D4549229B3CC8600462A8F /* OrderScreen.swift */; };
		99D4549529B3D6BD00462A8F /* BottomNavigationExtension.swift in Sources */ = {isa = PBXBuildFile; fileRef = 99D4549429B3D6BD00462A8F /* BottomNavigationExtension.swift */; };
		99D4549829B45BA300462A8F /* OrderCard.swift in Sources */ = {isa = PBXBuildFile; fileRef = 99D4549729B45BA300462A8F /* OrderCard.swift */; };
		99D4549A29B45CC900462A8F /* ExtendableSection.swift in Sources */ = {isa = PBXBuildFile; fileRef = 99D4549929B45CC900462A8F /* ExtendableSection.swift */; };
		99D4549D29B45D3B00462A8F /* ExtendableSectionHeader.swift in Sources */ = {isa = PBXBuildFile; fileRef = 99D4549C29B45D3B00462A8F /* ExtendableSectionHeader.swift */; };
		99D4549F29B4863100462A8F /* SupplierAdditionalInfoRow.swift in Sources */ = {isa = PBXBuildFile; fileRef = 99D4549E29B4863100462A8F /* SupplierAdditionalInfoRow.swift */; };
		99D454A129B4959200462A8F /* BottomSheet.swift in Sources */ = {isa = PBXBuildFile; fileRef = 99D454A029B4959200462A8F /* BottomSheet.swift */; };
		99D454A829B4E11500462A8F /* SmallTag.swift in Sources */ = {isa = PBXBuildFile; fileRef = 99D454A729B4E11500462A8F /* SmallTag.swift */; };
		99D454AA29B4E28100462A8F /* BigTag.swift in Sources */ = {isa = PBXBuildFile; fileRef = 99D454A929B4E28100462A8F /* BigTag.swift */; };
		99D454AC29B4E48700462A8F /* MapView.swift in Sources */ = {isa = PBXBuildFile; fileRef = 99D454AB29B4E48700462A8F /* MapView.swift */; };
		99D454AE29B50C4600462A8F /* SuppliersListFilterScreen.swift in Sources */ = {isa = PBXBuildFile; fileRef = 99D454AD29B50C4600462A8F /* SuppliersListFilterScreen.swift */; };
		99D454B129B519A700462A8F /* ViewExtensions.swift in Sources */ = {isa = PBXBuildFile; fileRef = 99D454B029B519A700462A8F /* ViewExtensions.swift */; };
/* End PBXBuildFile section */

/* Begin PBXFileReference section */
		99A0951229B5B51700C0286D /* OrderingScreen.swift */ = {isa = PBXFileReference; lastKnownFileType = sourcecode.swift; path = OrderingScreen.swift; sourceTree = "<group>"; };
		99A0951B29B62D9F00C0286D /* CustomCalendarCell.swift */ = {isa = PBXFileReference; lastKnownFileType = sourcecode.swift; path = CustomCalendarCell.swift; sourceTree = "<group>"; };
		99A0951D29B6305B00C0286D /* OrderStateView.swift */ = {isa = PBXFileReference; lastKnownFileType = sourcecode.swift; path = OrderStateView.swift; sourceTree = "<group>"; };
		99A0951F29B70B1800C0286D /* SignInScreen.swift */ = {isa = PBXFileReference; lastKnownFileType = sourcecode.swift; path = SignInScreen.swift; sourceTree = "<group>"; };
		99A0952129B70B2300C0286D /* SignUpScreen.swift */ = {isa = PBXFileReference; lastKnownFileType = sourcecode.swift; path = SignUpScreen.swift; sourceTree = "<group>"; };
		99A0952329B70B7400C0286D /* ContactsScreen.swift */ = {isa = PBXFileReference; lastKnownFileType = sourcecode.swift; path = ContactsScreen.swift; sourceTree = "<group>"; };
		99A0952529B70B8C00C0286D /* LocationScreen.swift */ = {isa = PBXFileReference; lastKnownFileType = sourcecode.swift; path = LocationScreen.swift; sourceTree = "<group>"; };
		99A0954229BA67C900C0286D /* StartLoadingScreen.swift */ = {isa = PBXFileReference; lastKnownFileType = sourcecode.swift; path = StartLoadingScreen.swift; sourceTree = "<group>"; };
		99A0954929BAFCB600C0286D /* SupplierMainScreen.swift */ = {isa = PBXFileReference; lastKnownFileType = sourcecode.swift; path = SupplierMainScreen.swift; sourceTree = "<group>"; };
		99A0954B29BAFF0100C0286D /* SupplierProductCard.swift */ = {isa = PBXFileReference; lastKnownFileType = sourcecode.swift; path = SupplierProductCard.swift; sourceTree = "<group>"; };
		99A0954F29BB1A0100C0286D /* AddProductButton.swift */ = {isa = PBXFileReference; lastKnownFileType = sourcecode.swift; path = AddProductButton.swift; sourceTree = "<group>"; };
		99A0955429BB333500C0286D /* EditProductScreen.swift */ = {isa = PBXFileReference; lastKnownFileType = sourcecode.swift; path = EditProductScreen.swift; sourceTree = "<group>"; };
		99A0955629BB4AD300C0286D /* SupplierClientsScreen.swift */ = {isa = PBXFileReference; lastKnownFileType = sourcecode.swift; path = SupplierClientsScreen.swift; sourceTree = "<group>"; };
		99A0956429BC950400C0286D /* ViewModifier.swift */ = {isa = PBXFileReference; lastKnownFileType = sourcecode.swift; path = ViewModifier.swift; sourceTree = "<group>"; };
		99A0956629BC981800C0286D /* ImageModifier.swift */ = {isa = PBXFileReference; lastKnownFileType = sourcecode.swift; path = ImageModifier.swift; sourceTree = "<group>"; };
		99A0956C29BCD1BB00C0286D /* AlertModel.swift */ = {isa = PBXFileReference; lastKnownFileType = sourcecode.swift; path = AlertModel.swift; sourceTree = "<group>"; };
		99A0956E29BD0AFD00C0286D /* CustomerTabBarWrapper.swift */ = {isa = PBXFileReference; lastKnownFileType = sourcecode.swift; path = CustomerTabBarWrapper.swift; sourceTree = "<group>"; };
		99A0957E29BFA39100C0286D /* SupplierTabBarWrapper.swift */ = {isa = PBXFileReference; lastKnownFileType = sourcecode.swift; path = SupplierTabBarWrapper.swift; sourceTree = "<group>"; };
		99A561DD29A0FCFD00F9932A /* Diploma.app */ = {isa = PBXFileReference; explicitFileType = wrapper.application; includeInIndex = 0; path = Diploma.app; sourceTree = BUILT_PRODUCTS_DIR; };
		99A561E029A0FCFD00F9932A /* DiplomaApp.swift */ = {isa = PBXFileReference; lastKnownFileType = sourcecode.swift; path = DiplomaApp.swift; sourceTree = "<group>"; };
		99A561E229A0FCFD00F9932A /* ContentView.swift */ = {isa = PBXFileReference; lastKnownFileType = sourcecode.swift; path = ContentView.swift; sourceTree = "<group>"; };
		99A561E429A0FCFE00F9932A /* Assets.xcassets */ = {isa = PBXFileReference; lastKnownFileType = folder.assetcatalog; path = Assets.xcassets; sourceTree = "<group>"; };
		99A561E729A0FCFE00F9932A /* Preview Assets.xcassets */ = {isa = PBXFileReference; lastKnownFileType = folder.assetcatalog; path = "Preview Assets.xcassets"; sourceTree = "<group>"; };
		99A561EE29A0FDB900F9932A /* Info.plist */ = {isa = PBXFileReference; lastKnownFileType = text.plist.xml; path = Info.plist; sourceTree = "<group>"; };
		99AA125C29C821E5002219E0 /* DateRangeSegmentsView.swift */ = {isa = PBXFileReference; lastKnownFileType = sourcecode.swift; path = DateRangeSegmentsView.swift; sourceTree = "<group>"; };
		99AA125F29C82273002219E0 /* DateRangeSegment.swift */ = {isa = PBXFileReference; lastKnownFileType = sourcecode.swift; path = DateRangeSegment.swift; sourceTree = "<group>"; };
		99AA126129C82BB4002219E0 /* DateExtensions.swift */ = {isa = PBXFileReference; lastKnownFileType = sourcecode.swift; path = DateExtensions.swift; sourceTree = "<group>"; };
		99AA126329C82BEB002219E0 /* CalendarView.swift */ = {isa = PBXFileReference; lastKnownFileType = sourcecode.swift; path = CalendarView.swift; sourceTree = "<group>"; };
		99AA128229CCAE73002219E0 /* FileManager.swift */ = {isa = PBXFileReference; lastKnownFileType = sourcecode.swift; path = FileManager.swift; sourceTree = "<group>"; };
		99AA128529CCB0B2002219E0 /* Debugger.swift */ = {isa = PBXFileReference; lastKnownFileType = sourcecode.swift; path = Debugger.swift; sourceTree = "<group>"; };
		99AA128729CCB411002219E0 /* ActivityViewController.swift */ = {isa = PBXFileReference; lastKnownFileType = sourcecode.swift; path = ActivityViewController.swift; sourceTree = "<group>"; };
		99AA128929CD8419002219E0 /* DateFormatManager.swift */ = {isa = PBXFileReference; lastKnownFileType = sourcecode.swift; path = DateFormatManager.swift; sourceTree = "<group>"; };
		99AA128B29CD935A002219E0 /* EncodableExtension.swift */ = {isa = PBXFileReference; lastKnownFileType = sourcecode.swift; path = EncodableExtension.swift; sourceTree = "<group>"; };
		99AA128D29CD943D002219E0 /* StatisticModel.swift */ = {isa = PBXFileReference; lastKnownFileType = sourcecode.swift; path = StatisticModel.swift; sourceTree = "<group>"; };
		99AA129029CDE6B7002219E0 /* LoadingScreenViewModel.swift */ = {isa = PBXFileReference; lastKnownFileType = sourcecode.swift; path = LoadingScreenViewModel.swift; sourceTree = "<group>"; };
		99AA129729D229C7002219E0 /* UserRole.swift */ = {isa = PBXFileReference; lastKnownFileType = sourcecode.swift; path = UserRole.swift; sourceTree = "<group>"; };
		99AA129929D22BC7002219E0 /* AuthorizationWrapper.swift */ = {isa = PBXFileReference; lastKnownFileType = sourcecode.swift; path = AuthorizationWrapper.swift; sourceTree = "<group>"; };
		99AA12A029D5713F002219E0 /* SignUpViewModel.swift */ = {isa = PBXFileReference; lastKnownFileType = sourcecode.swift; path = SignUpViewModel.swift; sourceTree = "<group>"; };
		99AA12A229D57391002219E0 /* TemplateInfo.plist */ = {isa = PBXFileReference; lastKnownFileType = text.plist.xml; path = TemplateInfo.plist; sourceTree = "<group>"; };
		99D4541729AC7E7700462A8F /* CustomButton.swift */ = {isa = PBXFileReference; lastKnownFileType = sourcecode.swift; path = CustomButton.swift; sourceTree = "<group>"; };
		99D4541A29AC7ECD00462A8F /* BottomNavigation.swift */ = {isa = PBXFileReference; lastKnownFileType = sourcecode.swift; path = BottomNavigation.swift; sourceTree = "<group>"; };
		99D4541C29AC7EDD00462A8F /* Counter.swift */ = {isa = PBXFileReference; lastKnownFileType = sourcecode.swift; path = Counter.swift; sourceTree = "<group>"; };
		99D4541E29AC7EEA00462A8F /* CustomCalendar.swift */ = {isa = PBXFileReference; lastKnownFileType = sourcecode.swift; path = CustomCalendar.swift; sourceTree = "<group>"; };
		99D4542329AC800500462A8F /* ImageIconsExtension.swift */ = {isa = PBXFileReference; lastKnownFileType = sourcecode.swift; path = ImageIconsExtension.swift; sourceTree = "<group>"; };
		99D4542529AC807800462A8F /* ColorExtension.swift */ = {isa = PBXFileReference; lastKnownFileType = sourcecode.swift; path = ColorExtension.swift; sourceTree = "<group>"; };
		99D4542729AD242A00462A8F /* FontsExtension.swift */ = {isa = PBXFileReference; lastKnownFileType = sourcecode.swift; path = FontsExtension.swift; sourceTree = "<group>"; };
		99D4542929AD266900462A8F /* Colors.xcassets */ = {isa = PBXFileReference; lastKnownFileType = folder.assetcatalog; path = Colors.xcassets; sourceTree = "<group>"; };
		99D4542B29AE022B00462A8F /* CustomSmallButton.swift */ = {isa = PBXFileReference; lastKnownFileType = sourcecode.swift; path = CustomSmallButton.swift; sourceTree = "<group>"; };
		99D4542E29AE027400462A8F /* CustomButtonStyles.swift */ = {isa = PBXFileReference; lastKnownFileType = sourcecode.swift; path = CustomButtonStyles.swift; sourceTree = "<group>"; };
		99D4543029AE117200462A8F /* CustomTextField.swift */ = {isa = PBXFileReference; lastKnownFileType = sourcecode.swift; path = CustomTextField.swift; sourceTree = "<group>"; };
		99D4543329AE4E5100462A8F /* Icons.xcassets */ = {isa = PBXFileReference; lastKnownFileType = folder.assetcatalog; path = Icons.xcassets; sourceTree = "<group>"; };
		99D4543A29AE6FF500462A8F /* BottomNavigationTab.swift */ = {isa = PBXFileReference; lastKnownFileType = sourcecode.swift; path = BottomNavigationTab.swift; sourceTree = "<group>"; };
		99D4543C29AE883300462A8F /* CornersViewExtension.swift */ = {isa = PBXFileReference; lastKnownFileType = sourcecode.swift; path = CornersViewExtension.swift; sourceTree = "<group>"; };
		99D4543E29AE88E000462A8F /* CustomTag.swift */ = {isa = PBXFileReference; lastKnownFileType = sourcecode.swift; path = CustomTag.swift; sourceTree = "<group>"; };
		99D4544029AE8CA700462A8F /* CustomAlert.swift */ = {isa = PBXFileReference; lastKnownFileType = sourcecode.swift; path = CustomAlert.swift; sourceTree = "<group>"; };
		99D4544229AE923F00462A8F /* ShadowViewExtension.swift */ = {isa = PBXFileReference; lastKnownFileType = sourcecode.swift; path = ShadowViewExtension.swift; sourceTree = "<group>"; };
		99D4544529AFC84E00462A8F /* PieChart.swift */ = {isa = PBXFileReference; lastKnownFileType = sourcecode.swift; path = PieChart.swift; sourceTree = "<group>"; };
		99D4544729AFC87A00462A8F /* BarChart.swift */ = {isa = PBXFileReference; lastKnownFileType = sourcecode.swift; path = BarChart.swift; sourceTree = "<group>"; };
		99D4546C29B3592500462A8F /* DynamicProductCard.swift */ = {isa = PBXFileReference; lastKnownFileType = sourcecode.swift; path = DynamicProductCard.swift; sourceTree = "<group>"; };
		99D4546E29B35ABF00462A8F /* StaticProductCard.swift */ = {isa = PBXFileReference; lastKnownFileType = sourcecode.swift; path = StaticProductCard.swift; sourceTree = "<group>"; };
		99D4547029B35CBB00462A8F /* PlaceCard.swift */ = {isa = PBXFileReference; lastKnownFileType = sourcecode.swift; path = PlaceCard.swift; sourceTree = "<group>"; };
		99D4547829B3644E00462A8F /* NavigationTabs.swift */ = {isa = PBXFileReference; lastKnownFileType = sourcecode.swift; path = NavigationTabs.swift; sourceTree = "<group>"; };
		99D4548229B36DFA00462A8F /* MainScreen.swift */ = {isa = PBXFileReference; lastKnownFileType = sourcecode.swift; path = MainScreen.swift; sourceTree = "<group>"; };
		99D4548429B36E0A00462A8F /* OrdersListScreen.swift */ = {isa = PBXFileReference; lastKnownFileType = sourcecode.swift; path = OrdersListScreen.swift; sourceTree = "<group>"; };
		99D4548629B39C4C00462A8F /* ProfileScreen.swift */ = {isa = PBXFileReference; lastKnownFileType = sourcecode.swift; path = ProfileScreen.swift; sourceTree = "<group>"; };
		99D4548829B39C5F00462A8F /* StatisticsScreen.swift */ = {isa = PBXFileReference; lastKnownFileType = sourcecode.swift; path = StatisticsScreen.swift; sourceTree = "<group>"; };
		99D4548A29B39C7500462A8F /* SuppliersListScreen.swift */ = {isa = PBXFileReference; lastKnownFileType = sourcecode.swift; path = SuppliersListScreen.swift; sourceTree = "<group>"; };
		99D4548C29B3C68000462A8F /* SupplierScreen.swift */ = {isa = PBXFileReference; lastKnownFileType = sourcecode.swift; path = SupplierScreen.swift; sourceTree = "<group>"; };
		99D4548E29B3C9F200462A8F /* Header.swift */ = {isa = PBXFileReference; lastKnownFileType = sourcecode.swift; path = Header.swift; sourceTree = "<group>"; };
		99D4549029B3CB8800462A8F /* ProductScreen.swift */ = {isa = PBXFileReference; lastKnownFileType = sourcecode.swift; path = ProductScreen.swift; sourceTree = "<group>"; };
		99D4549229B3CC8600462A8F /* OrderScreen.swift */ = {isa = PBXFileReference; lastKnownFileType = sourcecode.swift; path = OrderScreen.swift; sourceTree = "<group>"; };
		99D4549429B3D6BD00462A8F /* BottomNavigationExtension.swift */ = {isa = PBXFileReference; lastKnownFileType = sourcecode.swift; path = BottomNavigationExtension.swift; sourceTree = "<group>"; };
		99D4549729B45BA300462A8F /* OrderCard.swift */ = {isa = PBXFileReference; lastKnownFileType = sourcecode.swift; path = OrderCard.swift; sourceTree = "<group>"; };
		99D4549929B45CC900462A8F /* ExtendableSection.swift */ = {isa = PBXFileReference; lastKnownFileType = sourcecode.swift; path = ExtendableSection.swift; sourceTree = "<group>"; };
		99D4549C29B45D3B00462A8F /* ExtendableSectionHeader.swift */ = {isa = PBXFileReference; lastKnownFileType = sourcecode.swift; path = ExtendableSectionHeader.swift; sourceTree = "<group>"; };
		99D4549E29B4863100462A8F /* SupplierAdditionalInfoRow.swift */ = {isa = PBXFileReference; lastKnownFileType = sourcecode.swift; path = SupplierAdditionalInfoRow.swift; sourceTree = "<group>"; };
		99D454A029B4959200462A8F /* BottomSheet.swift */ = {isa = PBXFileReference; lastKnownFileType = sourcecode.swift; path = BottomSheet.swift; sourceTree = "<group>"; };
		99D454A729B4E11500462A8F /* SmallTag.swift */ = {isa = PBXFileReference; lastKnownFileType = sourcecode.swift; path = SmallTag.swift; sourceTree = "<group>"; };
		99D454A929B4E28100462A8F /* BigTag.swift */ = {isa = PBXFileReference; lastKnownFileType = sourcecode.swift; path = BigTag.swift; sourceTree = "<group>"; };
		99D454AB29B4E48700462A8F /* MapView.swift */ = {isa = PBXFileReference; lastKnownFileType = sourcecode.swift; path = MapView.swift; sourceTree = "<group>"; };
		99D454AD29B50C4600462A8F /* SuppliersListFilterScreen.swift */ = {isa = PBXFileReference; lastKnownFileType = sourcecode.swift; path = SuppliersListFilterScreen.swift; sourceTree = "<group>"; };
		99D454B029B519A700462A8F /* ViewExtensions.swift */ = {isa = PBXFileReference; lastKnownFileType = sourcecode.swift; path = ViewExtensions.swift; sourceTree = "<group>"; };
/* End PBXFileReference section */

/* Begin PBXFrameworksBuildPhase section */
		99A561DA29A0FCFD00F9932A /* Frameworks */ = {
			isa = PBXFrameworksBuildPhase;
			buildActionMask = 2147483647;
			files = (
			);
			runOnlyForDeploymentPostprocessing = 0;
		};
/* End PBXFrameworksBuildPhase section */

/* Begin PBXGroup section */
		99A0951A29B62D8500C0286D /* Calendar */ = {
			isa = PBXGroup;
			children = (
				99AA126329C82BEB002219E0 /* CalendarView.swift */,
				99AA126729C83704002219E0 /* CalendarGrid */,
				99AA125E29C8225A002219E0 /* DateRangeSegmentView */,
			);
			path = Calendar;
			sourceTree = "<group>";
		};
		99A0954429BA6D8B00C0286D /* Main */ = {
			isa = PBXGroup;
			children = (
				99A0955329BB330C00C0286D /* Components */,
				99A0954929BAFCB600C0286D /* SupplierMainScreen.swift */,
				99A0955429BB333500C0286D /* EditProductScreen.swift */,
			);
			path = Main;
			sourceTree = "<group>";
		};
		99A0954529BA6D9B00C0286D /* Clients */ = {
			isa = PBXGroup;
			children = (
				99A0955629BB4AD300C0286D /* SupplierClientsScreen.swift */,
			);
			path = Clients;
			sourceTree = "<group>";
		};
		99A0954629BA6DA600C0286D /* Orders */ = {
			isa = PBXGroup;
			children = (
			);
			path = Orders;
			sourceTree = "<group>";
		};
		99A0954729BA6DAD00C0286D /* Statistics */ = {
			isa = PBXGroup;
			children = (
			);
			path = Statistics;
			sourceTree = "<group>";
		};
		99A0955329BB330C00C0286D /* Components */ = {
			isa = PBXGroup;
			children = (
				99A0954F29BB1A0100C0286D /* AddProductButton.swift */,
			);
			path = Components;
			sourceTree = "<group>";
		};
		99A0956329BC94F800C0286D /* Modifiers */ = {
			isa = PBXGroup;
			children = (
				99A0956429BC950400C0286D /* ViewModifier.swift */,
				99A0956629BC981800C0286D /* ImageModifier.swift */,
			);
			path = Modifiers;
			sourceTree = "<group>";
		};
		99A0956829BCAAD900C0286D /* Components */ = {
			isa = PBXGroup;
			children = (
				99A0951D29B6305B00C0286D /* OrderStateView.swift */,
			);
			path = Components;
			sourceTree = "<group>";
		};
		99A0956B29BCD1A900C0286D /* Alerts */ = {
			isa = PBXGroup;
			children = (
				99D4544029AE8CA700462A8F /* CustomAlert.swift */,
				99A0956C29BCD1BB00C0286D /* AlertModel.swift */,
			);
			path = Alerts;
			sourceTree = "<group>";
		};
		99A561D429A0FCFD00F9932A = {
			isa = PBXGroup;
			children = (
				99A561DF29A0FCFD00F9932A /* Diploma */,
				99A561DE29A0FCFD00F9932A /* Products */,
			);
			sourceTree = "<group>";
		};
		99A561DE29A0FCFD00F9932A /* Products */ = {
			isa = PBXGroup;
			children = (
				99A561DD29A0FCFD00F9932A /* Diploma.app */,
			);
			name = Products;
			sourceTree = "<group>";
		};
		99A561DF29A0FCFD00F9932A /* Diploma */ = {
			isa = PBXGroup;
			children = (
				99AA12A229D57391002219E0 /* TemplateInfo.plist */,
				99A561EE29A0FDB900F9932A /* Info.plist */,
				99D4542129AC7F1600462A8F /* Common */,
				99D4547629B362A400462A8F /* Screens */,
				99A561E629A0FCFE00F9932A /* Preview Content */,
			);
			path = Diploma;
			sourceTree = "<group>";
		};
		99A561E629A0FCFE00F9932A /* Preview Content */ = {
			isa = PBXGroup;
			children = (
				99A561E729A0FCFE00F9932A /* Preview Assets.xcassets */,
			);
			path = "Preview Content";
			sourceTree = "<group>";
		};
		99AA125E29C8225A002219E0 /* DateRangeSegmentView */ = {
			isa = PBXGroup;
			children = (
				99AA125C29C821E5002219E0 /* DateRangeSegmentsView.swift */,
				99AA125F29C82273002219E0 /* DateRangeSegment.swift */,
			);
			path = DateRangeSegmentView;
			sourceTree = "<group>";
		};
		99AA126729C83704002219E0 /* CalendarGrid */ = {
			isa = PBXGroup;
			children = (
				99D4541E29AC7EEA00462A8F /* CustomCalendar.swift */,
				99A0951B29B62D9F00C0286D /* CustomCalendarCell.swift */,
			);
			path = CalendarGrid;
			sourceTree = "<group>";
		};
		99AA128429CCB0A3002219E0 /* Utils */ = {
			isa = PBXGroup;
			children = (
				99AA128229CCAE73002219E0 /* FileManager.swift */,
				99AA128529CCB0B2002219E0 /* Debugger.swift */,
				99AA128929CD8419002219E0 /* DateFormatManager.swift */,
			);
			path = Utils;
			sourceTree = "<group>";
		};
		99AA128F29CDE69E002219E0 /* LoadingScreen */ = {
			isa = PBXGroup;
			children = (
				99A0954229BA67C900C0286D /* StartLoadingScreen.swift */,
				99AA129029CDE6B7002219E0 /* LoadingScreenViewModel.swift */,
			);
			path = LoadingScreen;
			sourceTree = "<group>";
		};
		99AA129B29D22BE7002219E0 /* SignUp */ = {
			isa = PBXGroup;
			children = (
				99A0952129B70B2300C0286D /* SignUpScreen.swift */,
				99AA12A029D5713F002219E0 /* SignUpViewModel.swift */,
			);
			path = SignUp;
			sourceTree = "<group>";
		};
		99D4541629AC7E5200462A8F /* Components */ = {
			isa = PBXGroup;
			children = (
				99A0956B29BCD1A900C0286D /* Alerts */,
				99A0951A29B62D8500C0286D /* Calendar */,
				99D454A229B4D71F00462A8F /* Tags */,
				99D4549B29B45CD300462A8F /* ExtandableSection */,
				99D4544429AFC80E00462A8F /* Statistics */,
				99D4543929AE6FDE00462A8F /* BottomNavigation */,
				99D4542D29AE024D00462A8F /* Buttons */,
				99D4542029AC7EF900462A8F /* Cards */,
				99D4541C29AC7EDD00462A8F /* Counter.swift */,
				99D4543029AE117200462A8F /* CustomTextField.swift */,
				99D4548E29B3C9F200462A8F /* Header.swift */,
				99D454A029B4959200462A8F /* BottomSheet.swift */,
				99D454AB29B4E48700462A8F /* MapView.swift */,
				99AA128729CCB411002219E0 /* ActivityViewController.swift */,
			);
			path = Components;
			sourceTree = "<group>";
		};
		99D4542029AC7EF900462A8F /* Cards */ = {
			isa = PBXGroup;
			children = (
				99D4546C29B3592500462A8F /* DynamicProductCard.swift */,
				99D4546E29B35ABF00462A8F /* StaticProductCard.swift */,
				99D4547029B35CBB00462A8F /* PlaceCard.swift */,
				99D4549729B45BA300462A8F /* OrderCard.swift */,
				99A0954B29BAFF0100C0286D /* SupplierProductCard.swift */,
			);
			path = Cards;
			sourceTree = "<group>";
		};
		99D4542129AC7F1600462A8F /* Common */ = {
			isa = PBXGroup;
			children = (
				99AA128429CCB0A3002219E0 /* Utils */,
				99A0956329BC94F800C0286D /* Modifiers */,
				99A561E029A0FCFD00F9932A /* DiplomaApp.swift */,
				99D4543229AE4E2300462A8F /* Resources */,
				99D4542229AC7F2200462A8F /* Extensions */,
			);
			path = Common;
			sourceTree = "<group>";
		};
		99D4542229AC7F2200462A8F /* Extensions */ = {
			isa = PBXGroup;
			children = (
				99D4542329AC800500462A8F /* ImageIconsExtension.swift */,
				99D4542529AC807800462A8F /* ColorExtension.swift */,
				99D4542729AD242A00462A8F /* FontsExtension.swift */,
				99D4543C29AE883300462A8F /* CornersViewExtension.swift */,
				99D4544229AE923F00462A8F /* ShadowViewExtension.swift */,
				99D4549429B3D6BD00462A8F /* BottomNavigationExtension.swift */,
				99D454B029B519A700462A8F /* ViewExtensions.swift */,
				99AA126129C82BB4002219E0 /* DateExtensions.swift */,
				99AA128B29CD935A002219E0 /* EncodableExtension.swift */,
			);
			path = Extensions;
			sourceTree = "<group>";
		};
		99D4542D29AE024D00462A8F /* Buttons */ = {
			isa = PBXGroup;
			children = (
				99D4541729AC7E7700462A8F /* CustomButton.swift */,
				99D4542B29AE022B00462A8F /* CustomSmallButton.swift */,
				99D4542E29AE027400462A8F /* CustomButtonStyles.swift */,
			);
			path = Buttons;
			sourceTree = "<group>";
		};
		99D4543229AE4E2300462A8F /* Resources */ = {
			isa = PBXGroup;
			children = (
				99A561E429A0FCFE00F9932A /* Assets.xcassets */,
				99D4542929AD266900462A8F /* Colors.xcassets */,
				99D4543329AE4E5100462A8F /* Icons.xcassets */,
			);
			path = Resources;
			sourceTree = "<group>";
		};
		99D4543929AE6FDE00462A8F /* BottomNavigation */ = {
			isa = PBXGroup;
			children = (
				99D4541A29AC7ECD00462A8F /* BottomNavigation.swift */,
				99D4543A29AE6FF500462A8F /* BottomNavigationTab.swift */,
				99D4547829B3644E00462A8F /* NavigationTabs.swift */,
			);
			path = BottomNavigation;
			sourceTree = "<group>";
		};
		99D4544429AFC80E00462A8F /* Statistics */ = {
			isa = PBXGroup;
			children = (
				99D4544529AFC84E00462A8F /* PieChart.swift */,
				99D4544729AFC87A00462A8F /* BarChart.swift */,
			);
			path = Statistics;
			sourceTree = "<group>";
		};
		99D4547429B3626D00462A8F /* Authorized */ = {
			isa = PBXGroup;
			children = (
				99D4547C29B36DC500462A8F /* Customer */,
				99D4547B29B36DC000462A8F /* Supplier */,
			);
			path = Authorized;
			sourceTree = "<group>";
		};
		99D4547529B3628E00462A8F /* Unauthorized */ = {
			isa = PBXGroup;
			children = (
				99A0952529B70B8C00C0286D /* LocationScreen.swift */,
				99A0952329B70B7400C0286D /* ContactsScreen.swift */,
				99AA129B29D22BE7002219E0 /* SignUp */,
				99AA128F29CDE69E002219E0 /* LoadingScreen */,
				99A0951F29B70B1800C0286D /* SignInScreen.swift */,
				99AA129929D22BC7002219E0 /* AuthorizationWrapper.swift */,
			);
			path = Unauthorized;
			sourceTree = "<group>";
		};
		99D4547629B362A400462A8F /* Screens */ = {
			isa = PBXGroup;
			children = (
				99D4547729B362B300462A8F /* Common */,
				99D4547529B3628E00462A8F /* Unauthorized */,
				99D4547429B3626D00462A8F /* Authorized */,
			);
			path = Screens;
			sourceTree = "<group>";
		};
		99D4547729B362B300462A8F /* Common */ = {
			isa = PBXGroup;
			children = (
				99D4541629AC7E5200462A8F /* Components */,
				99D4548129B36DEB00462A8F /* Profile */,
				99A561E229A0FCFD00F9932A /* ContentView.swift */,
				99D4549029B3CB8800462A8F /* ProductScreen.swift */,
				99AA129729D229C7002219E0 /* UserRole.swift */,
			);
			path = Common;
			sourceTree = "<group>";
		};
		99D4547B29B36DC000462A8F /* Supplier */ = {
			isa = PBXGroup;
			children = (
				99A0954729BA6DAD00C0286D /* Statistics */,
				99A0954629BA6DA600C0286D /* Orders */,
				99A0954529BA6D9B00C0286D /* Clients */,
				99A0954429BA6D8B00C0286D /* Main */,
				99A0957E29BFA39100C0286D /* SupplierTabBarWrapper.swift */,
			);
			path = Supplier;
			sourceTree = "<group>";
		};
		99D4547C29B36DC500462A8F /* Customer */ = {
			isa = PBXGroup;
			children = (
				99D4548029B36DE300462A8F /* Statistics */,
				99D4547F29B36DDD00462A8F /* Suppliers */,
				99D4547E29B36DD300462A8F /* Orders */,
				99D4547D29B36DCB00462A8F /* Main */,
				99A0956E29BD0AFD00C0286D /* CustomerTabBarWrapper.swift */,
			);
			path = Customer;
			sourceTree = "<group>";
		};
		99D4547D29B36DCB00462A8F /* Main */ = {
			isa = PBXGroup;
			children = (
				99D4548229B36DFA00462A8F /* MainScreen.swift */,
			);
			path = Main;
			sourceTree = "<group>";
		};
		99D4547E29B36DD300462A8F /* Orders */ = {
			isa = PBXGroup;
			children = (
				99A0956829BCAAD900C0286D /* Components */,
				99D4548429B36E0A00462A8F /* OrdersListScreen.swift */,
				99D4549229B3CC8600462A8F /* OrderScreen.swift */,
			);
			path = Orders;
			sourceTree = "<group>";
		};
		99D4547F29B36DDD00462A8F /* Suppliers */ = {
			isa = PBXGroup;
			children = (
				99D454AF29B50C4D00462A8F /* Components */,
				99D4548A29B39C7500462A8F /* SuppliersListScreen.swift */,
				99D4548C29B3C68000462A8F /* SupplierScreen.swift */,
				99D454AD29B50C4600462A8F /* SuppliersListFilterScreen.swift */,
				99A0951229B5B51700C0286D /* OrderingScreen.swift */,
			);
			path = Suppliers;
			sourceTree = "<group>";
		};
		99D4548029B36DE300462A8F /* Statistics */ = {
			isa = PBXGroup;
			children = (
				99D4548829B39C5F00462A8F /* StatisticsScreen.swift */,
				99AA128D29CD943D002219E0 /* StatisticModel.swift */,
			);
			path = Statistics;
			sourceTree = "<group>";
		};
		99D4548129B36DEB00462A8F /* Profile */ = {
			isa = PBXGroup;
			children = (
				99D4548629B39C4C00462A8F /* ProfileScreen.swift */,
			);
			path = Profile;
			sourceTree = "<group>";
		};
		99D4549B29B45CD300462A8F /* ExtandableSection */ = {
			isa = PBXGroup;
			children = (
				99D4549929B45CC900462A8F /* ExtendableSection.swift */,
				99D4549C29B45D3B00462A8F /* ExtendableSectionHeader.swift */,
			);
			path = ExtandableSection;
			sourceTree = "<group>";
		};
		99D454A229B4D71F00462A8F /* Tags */ = {
			isa = PBXGroup;
			children = (
				99D4543E29AE88E000462A8F /* CustomTag.swift */,
				99D454A729B4E11500462A8F /* SmallTag.swift */,
				99D454A929B4E28100462A8F /* BigTag.swift */,
			);
			path = Tags;
			sourceTree = "<group>";
		};
		99D454AF29B50C4D00462A8F /* Components */ = {
			isa = PBXGroup;
			children = (
				99D4549E29B4863100462A8F /* SupplierAdditionalInfoRow.swift */,
			);
			path = Components;
			sourceTree = "<group>";
		};
/* End PBXGroup section */

/* Begin PBXNativeTarget section */
		99A561DC29A0FCFD00F9932A /* Diploma */ = {
			isa = PBXNativeTarget;
			buildConfigurationList = 99A561EB29A0FCFE00F9932A /* Build configuration list for PBXNativeTarget "Diploma" */;
			buildPhases = (
				99A561D929A0FCFD00F9932A /* Sources */,
				99A561DA29A0FCFD00F9932A /* Frameworks */,
				99A561DB29A0FCFD00F9932A /* Resources */,
			);
			buildRules = (
			);
			dependencies = (
			);
			name = Diploma;
			productName = Diploma;
			productReference = 99A561DD29A0FCFD00F9932A /* Diploma.app */;
			productType = "com.apple.product-type.application";
		};
/* End PBXNativeTarget section */

/* Begin PBXProject section */
		99A561D529A0FCFD00F9932A /* Project object */ = {
			isa = PBXProject;
			attributes = {
				BuildIndependentTargetsInParallel = 1;
				LastSwiftUpdateCheck = 1420;
				LastUpgradeCheck = 1420;
				TargetAttributes = {
					99A561DC29A0FCFD00F9932A = {
						CreatedOnToolsVersion = 14.2;
					};
				};
			};
			buildConfigurationList = 99A561D829A0FCFD00F9932A /* Build configuration list for PBXProject "Diploma" */;
			compatibilityVersion = "Xcode 14.0";
			developmentRegion = en;
			hasScannedForEncodings = 0;
			knownRegions = (
				en,
				Base,
			);
			mainGroup = 99A561D429A0FCFD00F9932A;
			productRefGroup = 99A561DE29A0FCFD00F9932A /* Products */;
			projectDirPath = "";
			projectRoot = "";
			targets = (
				99A561DC29A0FCFD00F9932A /* Diploma */,
			);
		};
/* End PBXProject section */

/* Begin PBXResourcesBuildPhase section */
		99A561DB29A0FCFD00F9932A /* Resources */ = {
			isa = PBXResourcesBuildPhase;
			buildActionMask = 2147483647;
			files = (
				99D4542A29AD266900462A8F /* Colors.xcassets in Resources */,
				99A561E829A0FCFE00F9932A /* Preview Assets.xcassets in Resources */,
				99D4543429AE4E5100462A8F /* Icons.xcassets in Resources */,
				99A561E529A0FCFE00F9932A /* Assets.xcassets in Resources */,
				99AA12A329D57391002219E0 /* TemplateInfo.plist in Resources */,
			);
			runOnlyForDeploymentPostprocessing = 0;
		};
/* End PBXResourcesBuildPhase section */

/* Begin PBXSourcesBuildPhase section */
		99A561D929A0FCFD00F9932A /* Sources */ = {
			isa = PBXSourcesBuildPhase;
			buildActionMask = 2147483647;
			files = (
				99D4548329B36DFA00462A8F /* MainScreen.swift in Sources */,
				99AA128A29CD8419002219E0 /* DateFormatManager.swift in Sources */,
				99D4541D29AC7EDD00462A8F /* Counter.swift in Sources */,
				99D4542C29AE022C00462A8F /* CustomSmallButton.swift in Sources */,
				99D4549F29B4863100462A8F /* SupplierAdditionalInfoRow.swift in Sources */,
				99A561E329A0FCFD00F9932A /* ContentView.swift in Sources */,
				99D4546D29B3592500462A8F /* DynamicProductCard.swift in Sources */,
				99A0954C29BAFF0100C0286D /* SupplierProductCard.swift in Sources */,
				99A0956529BC950400C0286D /* ViewModifier.swift in Sources */,
				99D4546F29B35ABF00462A8F /* StaticProductCard.swift in Sources */,
				99D4543129AE117200462A8F /* CustomTextField.swift in Sources */,
				99D4548B29B39C7500462A8F /* SuppliersListScreen.swift in Sources */,
				99A0955029BB1A0100C0286D /* AddProductButton.swift in Sources */,
				99D4549329B3CC8600462A8F /* OrderScreen.swift in Sources */,
				99A0955729BB4AD300C0286D /* SupplierClientsScreen.swift in Sources */,
				99D4541F29AC7EEA00462A8F /* CustomCalendar.swift in Sources */,
				99D454AE29B50C4600462A8F /* SuppliersListFilterScreen.swift in Sources */,
				99AA129129CDE6B7002219E0 /* LoadingScreenViewModel.swift in Sources */,
				99D4542829AD242A00462A8F /* FontsExtension.swift in Sources */,
				99A0951329B5B51700C0286D /* OrderingScreen.swift in Sources */,
				99AA128629CCB0B2002219E0 /* Debugger.swift in Sources */,
				99D4548F29B3C9F200462A8F /* Header.swift in Sources */,
				99AA12A129D5713F002219E0 /* SignUpViewModel.swift in Sources */,
				99AA128C29CD935A002219E0 /* EncodableExtension.swift in Sources */,
				99D4542629AC807800462A8F /* ColorExtension.swift in Sources */,
				99A0954A29BAFCB600C0286D /* SupplierMainScreen.swift in Sources */,
				99D4547129B35CBB00462A8F /* PlaceCard.swift in Sources */,
				99D4549529B3D6BD00462A8F /* BottomNavigationExtension.swift in Sources */,
				99D454A829B4E11500462A8F /* SmallTag.swift in Sources */,
				99AA128E29CD943D002219E0 /* StatisticModel.swift in Sources */,
				99D4548D29B3C68000462A8F /* SupplierScreen.swift in Sources */,
				99D454AC29B4E48700462A8F /* MapView.swift in Sources */,
				99A561E129A0FCFD00F9932A /* DiplomaApp.swift in Sources */,
				99A0954329BA67C900C0286D /* StartLoadingScreen.swift in Sources */,
				99D454B129B519A700462A8F /* ViewExtensions.swift in Sources */,
				99AA126229C82BB4002219E0 /* DateExtensions.swift in Sources */,
				99D4549129B3CB8800462A8F /* ProductScreen.swift in Sources */,
				99D4541B29AC7ECD00462A8F /* BottomNavigation.swift in Sources */,
				99D454AA29B4E28100462A8F /* BigTag.swift in Sources */,
				99A0956729BC981800C0286D /* ImageModifier.swift in Sources */,
				99D4544629AFC84E00462A8F /* PieChart.swift in Sources */,
				99D4542F29AE027400462A8F /* CustomButtonStyles.swift in Sources */,
				99AA129829D229C7002219E0 /* UserRole.swift in Sources */,
				99A0952429B70B7400C0286D /* ContactsScreen.swift in Sources */,
				99AA126029C82273002219E0 /* DateRangeSegment.swift in Sources */,
				99D4544829AFC87A00462A8F /* BarChart.swift in Sources */,
				99D4543B29AE6FF500462A8F /* BottomNavigationTab.swift in Sources */,
				99D4548929B39C5F00462A8F /* StatisticsScreen.swift in Sources */,
				99A0955529BB333500C0286D /* EditProductScreen.swift in Sources */,
				99D4548729B39C4C00462A8F /* ProfileScreen.swift in Sources */,
				99A0951E29B6305B00C0286D /* OrderStateView.swift in Sources */,
				99A0957F29BFA39100C0286D /* SupplierTabBarWrapper.swift in Sources */,
				99AA129A29D22BC7002219E0 /* AuthorizationWrapper.swift in Sources */,
				99AA126429C82BEB002219E0 /* CalendarView.swift in Sources */,
				99D4544329AE923F00462A8F /* ShadowViewExtension.swift in Sources */,
				99D4549D29B45D3B00462A8F /* ExtendableSectionHeader.swift in Sources */,
				99A0952229B70B2300C0286D /* SignUpScreen.swift in Sources */,
				99D4549829B45BA300462A8F /* OrderCard.swift in Sources */,
				99D4548529B36E0A00462A8F /* OrdersListScreen.swift in Sources */,
				99AA128329CCAE73002219E0 /* FileManager.swift in Sources */,
				99D4542429AC800500462A8F /* ImageIconsExtension.swift in Sources */,
				99A0952029B70B1800C0286D /* SignInScreen.swift in Sources */,
				99AA128829CCB411002219E0 /* ActivityViewController.swift in Sources */,
				99D4543F29AE88E000462A8F /* CustomTag.swift in Sources */,
				99D454A129B4959200462A8F /* BottomSheet.swift in Sources */,
				99D4547929B3644E00462A8F /* NavigationTabs.swift in Sources */,
				99A0951C29B62D9F00C0286D /* CustomCalendarCell.swift in Sources */,
				99D4541829AC7E7700462A8F /* CustomButton.swift in Sources */,
				99A0952629B70B8C00C0286D /* LocationScreen.swift in Sources */,
				99A0956D29BCD1BB00C0286D /* AlertModel.swift in Sources */,
				99D4543D29AE883300462A8F /* CornersViewExtension.swift in Sources */,
				99A0956F29BD0AFD00C0286D /* CustomerTabBarWrapper.swift in Sources */,
				99AA125D29C821E5002219E0 /* DateRangeSegmentsView.swift in Sources */,
				99D4549A29B45CC900462A8F /* ExtendableSection.swift in Sources */,
				99D4544129AE8CA700462A8F /* CustomAlert.swift in Sources */,
			);
			runOnlyForDeploymentPostprocessing = 0;
		};
/* End PBXSourcesBuildPhase section */

/* Begin XCBuildConfiguration section */
		99A561E929A0FCFE00F9932A /* Debug */ = {
			isa = XCBuildConfiguration;
			buildSettings = {
				ALWAYS_SEARCH_USER_PATHS = NO;
				CLANG_ANALYZER_NONNULL = YES;
				CLANG_ANALYZER_NUMBER_OBJECT_CONVERSION = YES_AGGRESSIVE;
				CLANG_CXX_LANGUAGE_STANDARD = "gnu++20";
				CLANG_ENABLE_MODULES = YES;
				CLANG_ENABLE_OBJC_ARC = YES;
				CLANG_ENABLE_OBJC_WEAK = YES;
				CLANG_WARN_BLOCK_CAPTURE_AUTORELEASING = YES;
				CLANG_WARN_BOOL_CONVERSION = YES;
				CLANG_WARN_COMMA = YES;
				CLANG_WARN_CONSTANT_CONVERSION = YES;
				CLANG_WARN_DEPRECATED_OBJC_IMPLEMENTATIONS = YES;
				CLANG_WARN_DIRECT_OBJC_ISA_USAGE = YES_ERROR;
				CLANG_WARN_DOCUMENTATION_COMMENTS = YES;
				CLANG_WARN_EMPTY_BODY = YES;
				CLANG_WARN_ENUM_CONVERSION = YES;
				CLANG_WARN_INFINITE_RECURSION = YES;
				CLANG_WARN_INT_CONVERSION = YES;
				CLANG_WARN_NON_LITERAL_NULL_CONVERSION = YES;
				CLANG_WARN_OBJC_IMPLICIT_RETAIN_SELF = YES;
				CLANG_WARN_OBJC_LITERAL_CONVERSION = YES;
				CLANG_WARN_OBJC_ROOT_CLASS = YES_ERROR;
				CLANG_WARN_QUOTED_INCLUDE_IN_FRAMEWORK_HEADER = YES;
				CLANG_WARN_RANGE_LOOP_ANALYSIS = YES;
				CLANG_WARN_STRICT_PROTOTYPES = YES;
				CLANG_WARN_SUSPICIOUS_MOVE = YES;
				CLANG_WARN_UNGUARDED_AVAILABILITY = YES_AGGRESSIVE;
				CLANG_WARN_UNREACHABLE_CODE = YES;
				CLANG_WARN__DUPLICATE_METHOD_MATCH = YES;
				COPY_PHASE_STRIP = NO;
				DEBUG_INFORMATION_FORMAT = dwarf;
				ENABLE_STRICT_OBJC_MSGSEND = YES;
				ENABLE_TESTABILITY = YES;
				GCC_C_LANGUAGE_STANDARD = gnu11;
				GCC_DYNAMIC_NO_PIC = NO;
				GCC_NO_COMMON_BLOCKS = YES;
				GCC_OPTIMIZATION_LEVEL = 0;
				GCC_PREPROCESSOR_DEFINITIONS = (
					"DEBUG=1",
					"$(inherited)",
				);
				GCC_WARN_64_TO_32_BIT_CONVERSION = YES;
				GCC_WARN_ABOUT_RETURN_TYPE = YES_ERROR;
				GCC_WARN_UNDECLARED_SELECTOR = YES;
				GCC_WARN_UNINITIALIZED_AUTOS = YES_AGGRESSIVE;
				GCC_WARN_UNUSED_FUNCTION = YES;
				GCC_WARN_UNUSED_VARIABLE = YES;
				IPHONEOS_DEPLOYMENT_TARGET = 16.2;
				MTL_ENABLE_DEBUG_INFO = INCLUDE_SOURCE;
				MTL_FAST_MATH = YES;
				ONLY_ACTIVE_ARCH = YES;
				SDKROOT = iphoneos;
				SWIFT_ACTIVE_COMPILATION_CONDITIONS = DEBUG;
				SWIFT_OPTIMIZATION_LEVEL = "-Onone";
			};
			name = Debug;
		};
		99A561EA29A0FCFE00F9932A /* Release */ = {
			isa = XCBuildConfiguration;
			buildSettings = {
				ALWAYS_SEARCH_USER_PATHS = NO;
				CLANG_ANALYZER_NONNULL = YES;
				CLANG_ANALYZER_NUMBER_OBJECT_CONVERSION = YES_AGGRESSIVE;
				CLANG_CXX_LANGUAGE_STANDARD = "gnu++20";
				CLANG_ENABLE_MODULES = YES;
				CLANG_ENABLE_OBJC_ARC = YES;
				CLANG_ENABLE_OBJC_WEAK = YES;
				CLANG_WARN_BLOCK_CAPTURE_AUTORELEASING = YES;
				CLANG_WARN_BOOL_CONVERSION = YES;
				CLANG_WARN_COMMA = YES;
				CLANG_WARN_CONSTANT_CONVERSION = YES;
				CLANG_WARN_DEPRECATED_OBJC_IMPLEMENTATIONS = YES;
				CLANG_WARN_DIRECT_OBJC_ISA_USAGE = YES_ERROR;
				CLANG_WARN_DOCUMENTATION_COMMENTS = YES;
				CLANG_WARN_EMPTY_BODY = YES;
				CLANG_WARN_ENUM_CONVERSION = YES;
				CLANG_WARN_INFINITE_RECURSION = YES;
				CLANG_WARN_INT_CONVERSION = YES;
				CLANG_WARN_NON_LITERAL_NULL_CONVERSION = YES;
				CLANG_WARN_OBJC_IMPLICIT_RETAIN_SELF = YES;
				CLANG_WARN_OBJC_LITERAL_CONVERSION = YES;
				CLANG_WARN_OBJC_ROOT_CLASS = YES_ERROR;
				CLANG_WARN_QUOTED_INCLUDE_IN_FRAMEWORK_HEADER = YES;
				CLANG_WARN_RANGE_LOOP_ANALYSIS = YES;
				CLANG_WARN_STRICT_PROTOTYPES = YES;
				CLANG_WARN_SUSPICIOUS_MOVE = YES;
				CLANG_WARN_UNGUARDED_AVAILABILITY = YES_AGGRESSIVE;
				CLANG_WARN_UNREACHABLE_CODE = YES;
				CLANG_WARN__DUPLICATE_METHOD_MATCH = YES;
				COPY_PHASE_STRIP = NO;
				DEBUG_INFORMATION_FORMAT = "dwarf-with-dsym";
				ENABLE_NS_ASSERTIONS = NO;
				ENABLE_STRICT_OBJC_MSGSEND = YES;
				GCC_C_LANGUAGE_STANDARD = gnu11;
				GCC_NO_COMMON_BLOCKS = YES;
				GCC_WARN_64_TO_32_BIT_CONVERSION = YES;
				GCC_WARN_ABOUT_RETURN_TYPE = YES_ERROR;
				GCC_WARN_UNDECLARED_SELECTOR = YES;
				GCC_WARN_UNINITIALIZED_AUTOS = YES_AGGRESSIVE;
				GCC_WARN_UNUSED_FUNCTION = YES;
				GCC_WARN_UNUSED_VARIABLE = YES;
				IPHONEOS_DEPLOYMENT_TARGET = 16.2;
				MTL_ENABLE_DEBUG_INFO = NO;
				MTL_FAST_MATH = YES;
				SDKROOT = iphoneos;
				SWIFT_COMPILATION_MODE = wholemodule;
				SWIFT_OPTIMIZATION_LEVEL = "-O";
				VALIDATE_PRODUCT = YES;
			};
			name = Release;
		};
		99A561EC29A0FCFE00F9932A /* Debug */ = {
			isa = XCBuildConfiguration;
			buildSettings = {
				ASSETCATALOG_COMPILER_APPICON_NAME = AppIcon;
				ASSETCATALOG_COMPILER_GLOBAL_ACCENT_COLOR_NAME = AccentColor;
				CODE_SIGN_STYLE = Automatic;
				CURRENT_PROJECT_VERSION = 1;
				DEVELOPMENT_ASSET_PATHS = "\"Diploma/Preview Content\"";
				DEVELOPMENT_TEAM = 84UU59T6MY;
				ENABLE_PREVIEWS = YES;
				GENERATE_INFOPLIST_FILE = YES;
				INFOPLIST_FILE = Diploma/Info.plist;
				INFOPLIST_KEY_UIApplicationSupportsIndirectInputEvents = YES;
				INFOPLIST_KEY_UILaunchScreen_Generation = YES;
				INFOPLIST_KEY_UISupportedInterfaceOrientations_iPad = "UIInterfaceOrientationPortrait UIInterfaceOrientationPortraitUpsideDown UIInterfaceOrientationLandscapeLeft UIInterfaceOrientationLandscapeRight";
				INFOPLIST_KEY_UISupportedInterfaceOrientations_iPhone = "UIInterfaceOrientationPortrait UIInterfaceOrientationLandscapeLeft UIInterfaceOrientationLandscapeRight";
				IPHONEOS_DEPLOYMENT_TARGET = 13.0;
				LD_RUNPATH_SEARCH_PATHS = (
					"$(inherited)",
					"@executable_path/Frameworks",
				);
				MARKETING_VERSION = 1.0;
				PRODUCT_BUNDLE_IDENTIFIER = diploma.Diploma;
				PRODUCT_NAME = "$(TARGET_NAME)";
				SWIFT_EMIT_LOC_STRINGS = YES;
				SWIFT_VERSION = 5.0;
				TARGETED_DEVICE_FAMILY = "1,2";
			};
			name = Debug;
		};
		99A561ED29A0FCFE00F9932A /* Release */ = {
			isa = XCBuildConfiguration;
			buildSettings = {
				ASSETCATALOG_COMPILER_APPICON_NAME = AppIcon;
				ASSETCATALOG_COMPILER_GLOBAL_ACCENT_COLOR_NAME = AccentColor;
				CODE_SIGN_STYLE = Automatic;
				CURRENT_PROJECT_VERSION = 1;
				DEVELOPMENT_ASSET_PATHS = "\"Diploma/Preview Content\"";
				DEVELOPMENT_TEAM = 84UU59T6MY;
				ENABLE_PREVIEWS = YES;
				GENERATE_INFOPLIST_FILE = YES;
				INFOPLIST_FILE = Diploma/Info.plist;
				INFOPLIST_KEY_UIApplicationSupportsIndirectInputEvents = YES;
				INFOPLIST_KEY_UILaunchScreen_Generation = YES;
				INFOPLIST_KEY_UISupportedInterfaceOrientations_iPad = "UIInterfaceOrientationPortrait UIInterfaceOrientationPortraitUpsideDown UIInterfaceOrientationLandscapeLeft UIInterfaceOrientationLandscapeRight";
				INFOPLIST_KEY_UISupportedInterfaceOrientations_iPhone = "UIInterfaceOrientationPortrait UIInterfaceOrientationLandscapeLeft UIInterfaceOrientationLandscapeRight";
				IPHONEOS_DEPLOYMENT_TARGET = 13.0;
				LD_RUNPATH_SEARCH_PATHS = (
					"$(inherited)",
					"@executable_path/Frameworks",
				);
				MARKETING_VERSION = 1.0;
				PRODUCT_BUNDLE_IDENTIFIER = diploma.Diploma;
				PRODUCT_NAME = "$(TARGET_NAME)";
				SWIFT_EMIT_LOC_STRINGS = YES;
				SWIFT_VERSION = 5.0;
				TARGETED_DEVICE_FAMILY = "1,2";
			};
			name = Release;
		};
/* End XCBuildConfiguration section */

/* Begin XCConfigurationList section */
		99A561D829A0FCFD00F9932A /* Build configuration list for PBXProject "Diploma" */ = {
			isa = XCConfigurationList;
			buildConfigurations = (
				99A561E929A0FCFE00F9932A /* Debug */,
				99A561EA29A0FCFE00F9932A /* Release */,
			);
			defaultConfigurationIsVisible = 0;
			defaultConfigurationName = Release;
		};
		99A561EB29A0FCFE00F9932A /* Build configuration list for PBXNativeTarget "Diploma" */ = {
			isa = XCConfigurationList;
			buildConfigurations = (
				99A561EC29A0FCFE00F9932A /* Debug */,
				99A561ED29A0FCFE00F9932A /* Release */,
			);
			defaultConfigurationIsVisible = 0;
			defaultConfigurationName = Release;
		};
/* End XCConfigurationList section */
	};
	rootObject = 99A561D529A0FCFD00F9932A /* Project object */;
}
